// !$*UTF8*$!
{
	archiveVersion = 1;
	classes = {
	};
	objectVersion = 46;
	objects = {

/* Begin PBXBuildFile section */
		F06E0966206C8E7A00704830 /* AppDelegate.swift in Sources */ = {isa = PBXBuildFile; fileRef = F06E0965206C8E7A00704830 /* AppDelegate.swift */; };
		F06E0968206C8E7A00704830 /* ViewController.swift in Sources */ = {isa = PBXBuildFile; fileRef = F06E0967206C8E7A00704830 /* ViewController.swift */; };
		F06E096B206C8E7A00704830 /* Main.storyboard in Resources */ = {isa = PBXBuildFile; fileRef = F06E0969206C8E7A00704830 /* Main.storyboard */; };
		F06E096D206C8E7A00704830 /* Assets.xcassets in Resources */ = {isa = PBXBuildFile; fileRef = F06E096C206C8E7A00704830 /* Assets.xcassets */; };
		F06E0970206C8E7A00704830 /* LaunchScreen.storyboard in Resources */ = {isa = PBXBuildFile; fileRef = F06E096E206C8E7A00704830 /* LaunchScreen.storyboard */; };
/* End PBXBuildFile section */

/* Begin PBXFileReference section */
		F06E0962206C8E7A00704830 /* Lab09KRoberts.app */ = {isa = PBXFileReference; explicitFileType = wrapper.application; includeInIndex = 0; path = Lab09KRoberts.app; sourceTree = BUILT_PRODUCTS_DIR; };
		F06E0965206C8E7A00704830 /* AppDelegate.swift */ = {isa = PBXFileReference; lastKnownFileType = sourcecode.swift; path = AppDelegate.swift; sourceTree = "<group>"; };
		F06E0967206C8E7A00704830 /* ViewController.swift */ = {isa = PBXFileReference; lastKnownFileType = sourcecode.swift; path = ViewController.swift; sourceTree = "<group>"; };
		F06E096A206C8E7A00704830 /* Base */ = {isa = PBXFileReference; lastKnownFileType = file.storyboard; name = Base; path = Base.lproj/Main.storyboard; sourceTree = "<group>"; };
		F06E096C206C8E7A00704830 /* Assets.xcassets */ = {isa = PBXFileReference; lastKnownFileType = folder.assetcatalog; path = Assets.xcassets; sourceTree = "<group>"; };
		F06E096F206C8E7A00704830 /* Base */ = {isa = PBXFileReference; lastKnownFileType = file.storyboard; name = Base; path = Base.lproj/LaunchScreen.storyboard; sourceTree = "<group>"; };
		F06E0971206C8E7A00704830 /* Info.plist */ = {isa = PBXFileReference; lastKnownFileType = text.plist.xml; path = Info.plist; sourceTree = "<group>"; };
/* End PBXFileReference section */

/* Begin PBXFrameworksBuildPhase section */
		F06E095F206C8E7A00704830 /* Frameworks */ = {
			isa = PBXFrameworksBuildPhase;
			buildActionMask = 2147483647;
			files = (
			);
			runOnlyForDeploymentPostprocessing = 0;
		};
/* End PBXFrameworksBuildPhase section */

/* Begin PBXGroup section */
		F06E0959206C8E7A00704830 = {
			isa = PBXGroup;
			children = (
				F06E0964206C8E7A00704830 /* Lab09KRoberts */,
				F06E0963206C8E7A00704830 /* Products */,
			);
			sourceTree = "<group>";
		};
		F06E0963206C8E7A00704830 /* Products */ = {
			isa = PBXGroup;
			children = (
				F06E0962206C8E7A00704830 /* Lab09KRoberts.app */,
			);
			name = Products;
			sourceTree = "<group>";
		};
		F06E0964206C8E7A00704830 /* Lab09KRoberts */ = {
			isa = PBXGroup;
			children = (
				F06E0965206C8E7A00704830 /* AppDelegate.swift */,
				F06E0967206C8E7A00704830 /* ViewController.swift */,
				F06E0969206C8E7A00704830 /* Main.storyboard */,
				F06E096C206C8E7A00704830 /* Assets.xcassets */,
				F06E096E206C8E7A00704830 /* LaunchScreen.storyboard */,
				F06E0971206C8E7A00704830 /* Info.plist */,
			);
			path = Lab09KRoberts;
			sourceTree = "<group>";
		};
/* End PBXGroup section */

/* Begin PBXNativeTarget section */
		F06E0961206C8E7A00704830 /* Lab09KRoberts */ = {
			isa = PBXNativeTarget;
			buildConfigurationList = F06E0974206C8E7A00704830 /* Build configuration list for PBXNativeTarget "Lab09KRoberts" */;
			buildPhases = (
				F06E095E206C8E7A00704830 /* Sources */,
				F06E095F206C8E7A00704830 /* Frameworks */,
				F06E0960206C8E7A00704830 /* Resources */,
			);
			buildRules = (
			);
			dependencies = (
			);
			name = Lab09KRoberts;
			productName = Lab09KRoberts;
			productReference = F06E0962206C8E7A00704830 /* Lab09KRoberts.app */;
			productType = "com.apple.product-type.application";
		};
/* End PBXNativeTarget section */

/* Begin PBXProject section */
		F06E095A206C8E7A00704830 /* Project object */ = {
			isa = PBXProject;
			attributes = {
				LastSwiftUpdateCheck = 0820;
				LastUpgradeCheck = 0820;
				ORGANIZATIONNAME = "Kelsey Roberts";
				TargetAttributes = {
					F06E0961206C8E7A00704830 = {
						CreatedOnToolsVersion = 8.2.1;
						ProvisioningStyle = Automatic;
					};
				};
			};
			buildConfigurationList = F06E095D206C8E7A00704830 /* Build configuration list for PBXProject "Lab09KRoberts" */;
			compatibilityVersion = "Xcode 3.2";
			developmentRegion = English;
			hasScannedForEncodings = 0;
			knownRegions = (
				en,
				Base,
			);
			mainGroup = F06E0959206C8E7A00704830;
			productRefGroup = F06E0963206C8E7A00704830 /* Products */;
			projectDirPath = "";
			projectRoot = "";
			targets = (
				F06E0961206C8E7A00704830 /* Lab09KRoberts */,
			);
		};
/* End PBXProject section */

/* Begin PBXResourcesBuildPhase section */
		F06E0960206C8E7A00704830 /* Resources */ = {
			isa = PBXResourcesBuildPhase;
			buildActionMask = 2147483647;
			files = (
				F06E0970206C8E7A00704830 /* LaunchScreen.storyboard in Resources */,
				F06E096D206C8E7A00704830 /* Assets.xcassets in Resources */,
				F06E096B206C8E7A00704830 /* Main.storyboard in Resources */,
			);
			runOnlyForDeploymentPostprocessing = 0;
		};
/* End PBXResourcesBuildPhase section */

/* Begin PBXSourcesBuildPhase section */
		F06E095E206C8E7A00704830 /* Sources */ = {
			isa = PBXSourcesBuildPhase;
			buildActionMask = 2147483647;
			files = (
				F06E0968206C8E7A00704830 /* ViewController.swift in Sources */,
				F06E0966206C8E7A00704830 /* AppDelegate.swift in Sources */,
			);
			runOnlyForDeploymentPostprocessing = 0;
		};
/* End PBXSourcesBuildPhase section */

/* Begin PBXVariantGroup section */
		F06E0969206C8E7A00704830 /* Main.storyboard */ = {
			isa = PBXVariantGroup;
			children = (
				F06E096A206C8E7A00704830 /* Base */,
			);
			name = Main.storyboard;
			sourceTree = "<group>";
		};
		F06E096E206C8E7A00704830 /* LaunchScreen.storyboard */ = {
			isa = PBXVariantGroup;
			children = (
				F06E096F206C8E7A00704830 /* Base */,
			);
			name = LaunchScreen.storyboard;
			sourceTree = "<group>";
		};
/* End PBXVariantGroup section */

/* Begin XCBuildConfiguration section */
		F06E0972206C8E7A00704830 /* Debug */ = {
			isa = XCBuildConfiguration;
			buildSettings = {
				ALWAYS_SEARCH_USER_PATHS = NO;
				CLANG_ANALYZER_NONNULL = YES;
				CLANG_CXX_LANGUAGE_STANDARD = "gnu++0x";
				CLANG_CXX_LIBRARY = "libc++";
				CLANG_ENABLE_MODULES = YES;
				CLANG_ENABLE_OBJC_ARC = YES;
				CLANG_WARN_BOOL_CONVERSION = YES;
				CLANG_WARN_CONSTANT_CONVERSION = YES;
				CLANG_WARN_DIRECT_OBJC_ISA_USAGE = YES_ERROR;
				CLANG_WARN_DOCUMENTATION_COMMENTS = YES;
				CLANG_WARN_EMPTY_BODY = YES;
				CLANG_WARN_ENUM_CONVERSION = YES;
				CLANG_WARN_INFINITE_RECURSION = YES;
				CLANG_WARN_INT_CONVERSION = YES;
				CLANG_WARN_OBJC_ROOT_CLASS = YES_ERROR;
				CLANG_WARN_SUSPICIOUS_MOVE = YES;
				CLANG_WARN_UNREACHABLE_CODE = YES;
				CLANG_WARN__DUPLICATE_METHOD_MATCH = YES;
				"CODE_SIGN_IDENTITY[sdk=iphoneos*]" = "iPhone Developer";
				COPY_PHASE_STRIP = NO;
				DEBUG_INFORMATION_FORMAT = dwarf;
				ENABLE_STRICT_OBJC_MSGSEND = YES;
				ENABLE_TESTABILITY = YES;
				GCC_C_LANGUAGE_STANDARD = gnu99;
				GCC_DYNAMIC_NO_PIC = NO;
				GCC_NO_COMMON_BLOCKS = YES;
				GCC_OPTIMIZATION_LEVEL = 0;
				GCC_PREPROCESSOR_DEFINITIONS = (
					"DEBUG=1",
					"$(inherited)",
				);
				GCC_WARN_64_TO_32_BIT_CONVERSION = YES;
				GCC_WARN_ABOUT_RETURN_TYPE = YES_ERROR;
				GCC_WARN_UNDECLARED_SELECTOR = YES;
				GCC_WARN_UNINITIALIZED_AUTOS = YES_AGGRESSIVE;
				GCC_WARN_UNUSED_FUNCTION = YES;
				GCC_WARN_UNUSED_VARIABLE = YES;
				IPHONEOS_DEPLOYMENT_TARGET = 10.2;
				MTL_ENABLE_DEBUG_INFO = YES;
				ONLY_ACTIVE_ARCH = YES;
				SDKROOT = iphoneos;
				SWIFT_ACTIVE_COMPILATION_CONDITIONS = DEBUG;
				SWIFT_OPTIMIZATION_LEVEL = "-Onone";
			};
			name = Debug;
		};
		F06E0973206C8E7A00704830 /* Release */ = {
			isa = XCBuildConfiguration;
			buildSettings = {
				ALWAYS_SEARCH_USER_PATHS = NO;
				CLANG_ANALYZER_NONNULL = YES;
				CLANG_CXX_LANGUAGE_STANDARD = "gnu++0x";
				CLANG_CXX_LIBRARY = "libc++";
				CLANG_ENABLE_MODULES = YES;
				CLANG_ENABLE_OBJC_ARC = YES;
				CLANG_WARN_BOOL_CONVERSION = YES;
				CLANG_WARN_CONSTANT_CONVERSION = YES;
				CLANG_WARN_DIRECT_OBJC_ISA_USAGE = YES_ERROR;
				CLANG_WARN_DOCUMENTATION_COMMENTS = YES;
				CLANG_WARN_EMPTY_BODY = YES;
				CLANG_WARN_ENUM_CONVERSION = YES;
				CLANG_WARN_INFINITE_RECURSION = YES;
				CLANG_WARN_INT_CONVERSION = YES;
				CLANG_WARN_OBJC_ROOT_CLASS = YES_ERROR;
				CLANG_WARN_SUSPICIOUS_MOVE = YES;
				CLANG_WARN_UNREACHABLE_CODE = YES;
				CLANG_WARN__DUPLICATE_METHOD_MATCH = YES;
				"CODE_SIGN_IDENTITY[sdk=iphoneos*]" = "iPhone Developer";
				COPY_PHASE_STRIP = NO;
				DEBUG_INFORMATION_FORMAT = "dwarf-with-dsym";
				ENABLE_NS_ASSERTIONS = NO;
				ENABLE_STRICT_OBJC_MSGSEND = YES;
				GCC_C_LANGUAGE_STANDARD = gnu99;
				GCC_NO_COMMON_BLOCKS = YES;
				GCC_WARN_64_TO_32_BIT_CONVERSION = YES;
				GCC_WARN_ABOUT_RETURN_TYPE = YES_ERROR;
				GCC_WARN_UNDECLARED_SELECTOR = YES;
				GCC_WARN_UNINITIALIZED_AUTOS = YES_AGGRESSIVE;
				GCC_WARN_UNUSED_FUNCTION = YES;
				GCC_WARN_UNUSED_VARIABLE = YES;
				IPHONEOS_DEPLOYMENT_TARGET = 10.2;
				MTL_ENABLE_DEBUG_INFO = NO;
				SDKROOT = iphoneos;
				SWIFT_OPTIMIZATION_LEVEL = "-Owholemodule";
				VALIDATE_PRODUCT = YES;
			};
			name = Release;
		};
		F06E0975206C8E7A00704830 /* Debug */ = {
			isa = XCBuildConfiguration;
			buildSettings = {
				ASSETCATALOG_COMPILER_APPICON_NAME = AppIcon;
				INFOPLIST_FILE = Lab09KRoberts/Info.plist;
				LD_RUNPATH_SEARCH_PATHS = "$(inherited) @executable_path/Frameworks";
				PRODUCT_BUNDLE_IDENTIFIER = edu.tric.Lab09KRoberts;
				PRODUCT_NAME = "$(TARGET_NAME)";
				SWIFT_VERSION = 3.0;
			};
			name = Debug;
		};
		F06E0976206C8E7A00704830 /* Release */ = {
			isa = XCBuildConfiguration;
			buildSettings = {
				ASSETCATALOG_COMPILER_APPICON_NAME = AppIcon;
				INFOPLIST_FILE = Lab09KRoberts/Info.plist;
				LD_RUNPATH_SEARCH_PATHS = "$(inherited) @executable_path/Frameworks";
				PRODUCT_BUNDLE_IDENTIFIER = edu.tric.Lab09KRoberts;
				PRODUCT_NAME = "$(TARGET_NAME)";
				SWIFT_VERSION = 3.0;
			};
			name = Release;
		};
/* End XCBuildConfiguration section */

/* Begin XCConfigurationList section */
		F06E095D206C8E7A00704830 /* Build configuration list for PBXProject "Lab09KRoberts" */ = {
			isa = XCConfigurationList;
			buildConfigurations = (
				F06E0972206C8E7A00704830 /* Debug */,
				F06E0973206C8E7A00704830 /* Release */,
			);
			defaultConfigurationIsVisible = 0;
			defaultConfigurationName = Release;
		};
		F06E0974206C8E7A00704830 /* Build configuration list for PBXNativeTarget "Lab09KRoberts" */ = {
			isa = XCConfigurationList;
			buildConfigurations = (
				F06E0975206C8E7A00704830 /* Debug */,
				F06E0976206C8E7A00704830 /* Release */,
			);
			defaultConfigurationIsVisible = 0;
		};
/* End XCConfigurationList section */
	};
	rootObject = F06E095A206C8E7A00704830 /* Project object */;
}
